
Microsoft Visual Studio Solution File, Format Version 12.00
# Visual Studio Version 16
VisualStudioVersion = 16.0.30523.141
MinimumVisualStudioVersion = 10.0.40219.1
Project("{FAE04EC0-301F-11D3-BF4B-00C04F79EFBC}") = "ProjectCodeJarAPI", "ProjectCodeJarAPI\ProjectCodeJarAPI.csproj", "{5E644326-9770-4F11-A5CD-B336E75E80A2}"
EndProject
Global
	GlobalSection(SolutionConfigurationPlatforms) = preSolution
		Debug|Any CPU = Debug|Any CPU
		Release|Any CPU = Release|Any CPU
	EndGlobalSection
	GlobalSection(ProjectConfigurationPlatforms) = postSolution
		{5E644326-9770-4F11-A5CD-B336E75E80A2}.Debug|Any CPU.ActiveCfg = Debug|Any CPU
		{5E644326-9770-4F11-A5CD-B336E75E80A2}.Debug|Any CPU.Build.0 = Debug|Any CPU
		{5E644326-9770-4F11-A5CD-B336E75E80A2}.Release|Any CPU.ActiveCfg = Release|Any CPU
		{5E644326-9770-4F11-A5CD-B336E75E80A2}.Release|Any CPU.Build.0 = Release|Any CPU
	EndGlobalSection
	GlobalSection(SolutionProperties) = preSolution
		HideSolutionNode = FALSE
	EndGlobalSection
	GlobalSection(ExtensibilityGlobals) = postSolution
		SolutionGuid = {8765F8C7-19EB-4D76-AE02-B355A863B622}
	EndGlobalSection
EndGlobal
